{
  "name": "benchmarks",
  "requires": true,
  "lockfileVersion": 1,
  "dependencies": {
    "argparse": {
      "version": "1.0.10",
      "resolved": "https://registry.npmjs.org/argparse/-/argparse-1.0.10.tgz",
      "integrity": "sha512-o5Roy6tNG4SL/FOkCAN6RzjiakZS25RLYFrcMttJqbdd8BWrnA+fGz57iN5Pb06pvBGvl5gQ0B48dJlslXvoTg==",
      "requires": {
        "sprintf-js": "~1.0.2"
      }
    },
    "enojs": {
      "version": "0.17.2",
      "resolved": "https://registry.npmjs.org/enojs/-/enojs-0.17.2.tgz",
      "integrity": "sha512-ONLSUNRWdLMiYNpvHImbsxD/wHNV/kQbDNgg4y8UxDfmC+iWJKfPYr9SdNTuYrmb6wTcbRSi0S8Wkx2Cdbunaw=="
    },
    "esprima": {
      "version": "4.0.1",
      "resolved": "https://registry.npmjs.org/esprima/-/esprima-4.0.1.tgz",
      "integrity": "sha512-eGuFFw7Upda+g4p+QHvnW0RyTX/SVeJBDM/gCtMARO0cLuT2HcEKnTPvhjV6aGeqrCB/sbNop0Kszm0jsaWU4A=="
    },
    "js-yaml": {
      "version": "3.12.1",
      "resolved": "https://registry.npmjs.org/js-yaml/-/js-yaml-3.12.1.tgz",
      "integrity": "sha512-um46hB9wNOKlwkHgiuyEVAybXBjwFUV0Z/RaHJblRd9DXltue9FTYvzCr9ErQrK9Adz5MU4gHWVaNUfdmrC8qA==",
      "requires": {
        "argparse": "^1.0.7",
        "esprima": "^4.0.0"
      }
    },
    "sprintf-js": {
      "version": "1.0.3",
      "resolved": "https://registry.npmjs.org/sprintf-js/-/sprintf-js-1.0.3.tgz",
      "integrity": "sha1-BOaSb2YolTVPPdAVIDYzuFcpfiw="
    },
    "toml": {
      "version": "2.3.5",
      "resolved": "https://registry.npmjs.org/toml/-/toml-2.3.5.tgz",
      "integrity": "sha512-ulY/Z2yPWKl/3JvGJvnEe7mXqVt2+TtDoRxJNgTAwO+3lwXefeCHS697NN0KRy6q7U/b1MnSnj/UGF/4U0U2WQ=="
    },
    "toml-j0.4": {
      "version": "1.1.1",
      "resolved": "https://registry.npmjs.org/toml-j0.4/-/toml-j0.4-1.1.1.tgz",
      "integrity": "sha512-lYK5otg0+cto8YmsWcPEfeiTiC/VU6P6HA6ooaYI9K/KYT24Jg0BrYtRZK1K3cwakSMyh6nttfJL9RmQH0gyCg=="
    }
  }
}
