{
  "name": "enolib-benchmarks",
  "lockfileVersion": 2,
  "requires": true,
  "packages": {
    "": {
      "name": "enolib-benchmarks",
      "dependencies": {
        "enolib": "git+https://codeberg.org/simonrepp/enolib-js.git",
        "enotype": "^0.3.0",
        "js-yaml": "^4.1.0",
        "toml": "^3.0.0",
        "toml-j0.4": "^1.1.1"
      }
    },
    "node_modules/argparse": {
      "version": "2.0.1",
      "resolved": "https://registry.npmjs.org/argparse/-/argparse-2.0.1.tgz",
      "integrity": "sha512-8+9WqebbFzpX9OR+Wa6O29asIogeRMzcGtAINdpMHHyAg10f05aSFVBbcEqGf/PXw1EjAZ+q2/bEBg3DvurK3Q=="
    },
    "node_modules/enolib": {
      "version": "0.8.2",
      "resolved": "git+https://codeberg.org/simonrepp/enolib-js.git#2069b1e45c279a4ca47c6dab82fffcc5ff8aa983",
      "license": "MIT"
    },
    "node_modules/enotype": {
      "version": "0.3.0",
      "resolved": "https://registry.npmjs.org/enotype/-/enotype-0.3.0.tgz",
      "integrity": "sha512-vUfQZj5ZIFMCYEhSww8pk2NIE0ZWsEI22Z79zFvRulx8TBtr+SPdVDHiesQQaUdQQKkkkB2z1VP8GXokONqIAQ=="
    },
    "node_modules/js-yaml": {
      "version": "4.1.0",
      "resolved": "https://registry.npmjs.org/js-yaml/-/js-yaml-4.1.0.tgz",
      "integrity": "sha512-wpxZs9NoxZaJESJGIZTyDEaYpl0FKSA+FB9aJiyemKhMwkxQg63h4T1KJgUGHpTqPDNRcmmYLugrRjJlBtWvRA==",
      "dependencies": {
        "argparse": "^2.0.1"
      },
      "bin": {
        "js-yaml": "bin/js-yaml.js"
      }
    },
    "node_modules/toml": {
      "version": "3.0.0",
      "resolved": "https://registry.npmjs.org/toml/-/toml-3.0.0.tgz",
      "integrity": "sha512-y/mWCZinnvxjTKYhJ+pYxwD0mRLVvOtdS2Awbgxln6iEnt4rk0yBxeSBHkGJcPucRiG0e55mwWp+g/05rsrd6w=="
    },
    "node_modules/toml-j0.4": {
      "version": "1.1.1",
      "resolved": "https://registry.npmjs.org/toml-j0.4/-/toml-j0.4-1.1.1.tgz",
      "integrity": "sha512-lYK5otg0+cto8YmsWcPEfeiTiC/VU6P6HA6ooaYI9K/KYT24Jg0BrYtRZK1K3cwakSMyh6nttfJL9RmQH0gyCg=="
    }
  },
  "dependencies": {
    "argparse": {
      "version": "2.0.1",
      "resolved": "https://registry.npmjs.org/argparse/-/argparse-2.0.1.tgz",
      "integrity": "sha512-8+9WqebbFzpX9OR+Wa6O29asIogeRMzcGtAINdpMHHyAg10f05aSFVBbcEqGf/PXw1EjAZ+q2/bEBg3DvurK3Q=="
    },
    "enolib": {
      "version": "git+https://codeberg.org/simonrepp/enolib-js.git#2069b1e45c279a4ca47c6dab82fffcc5ff8aa983",
      "from": "enolib@git+https://codeberg.org/simonrepp/enolib-js.git"
    },
    "enotype": {
      "version": "0.3.0",
      "resolved": "https://registry.npmjs.org/enotype/-/enotype-0.3.0.tgz",
      "integrity": "sha512-vUfQZj5ZIFMCYEhSww8pk2NIE0ZWsEI22Z79zFvRulx8TBtr+SPdVDHiesQQaUdQQKkkkB2z1VP8GXokONqIAQ=="
    },
    "js-yaml": {
      "version": "4.1.0",
      "resolved": "https://registry.npmjs.org/js-yaml/-/js-yaml-4.1.0.tgz",
      "integrity": "sha512-wpxZs9NoxZaJESJGIZTyDEaYpl0FKSA+FB9aJiyemKhMwkxQg63h4T1KJgUGHpTqPDNRcmmYLugrRjJlBtWvRA==",
      "requires": {
        "argparse": "^2.0.1"
      }
    },
    "toml": {
      "version": "3.0.0",
      "resolved": "https://registry.npmjs.org/toml/-/toml-3.0.0.tgz",
      "integrity": "sha512-y/mWCZinnvxjTKYhJ+pYxwD0mRLVvOtdS2Awbgxln6iEnt4rk0yBxeSBHkGJcPucRiG0e55mwWp+g/05rsrd6w=="
    },
    "toml-j0.4": {
      "version": "1.1.1",
      "resolved": "https://registry.npmjs.org/toml-j0.4/-/toml-j0.4-1.1.1.tgz",
      "integrity": "sha512-lYK5otg0+cto8YmsWcPEfeiTiC/VU6P6HA6ooaYI9K/KYT24Jg0BrYtRZK1K3cwakSMyh6nttfJL9RmQH0gyCg=="
    }
  }
}
